
Microsoft Visual Studio Solution File, Format Version 12.00
# Visual Studio Version 16
VisualStudioVersion = 16.0.31424.327
MinimumVisualStudioVersion = 10.0.40219.1
Project("{9A19103F-16F7-4668-BE54-9A1E7A4F7556}") = "BoostUp", "BoostUp\BoostUp.csproj", "{E4E6793A-304A-47FA-9B61-367CDECCFBF8}"
EndProject
Project("{FAE04EC0-301F-11D3-BF4B-00C04F79EFBC}") = "BoostUp.Tests", "BoostUp.Tests\BoostUp.Tests.csproj", "{B892FA84-B349-41A5-BF9A-BA3620F81837}"
EndProject
Global
	GlobalSection(SolutionConfigurationPlatforms) = preSolution
		Debug|Any CPU = Debug|Any CPU
		Release|Any CPU = Release|Any CPU
	EndGlobalSection
	GlobalSection(ProjectConfigurationPlatforms) = postSolution
		{E4E6793A-304A-47FA-9B61-367CDECCFBF8}.Debug|Any CPU.ActiveCfg = Debug|Any CPU
		{E4E6793A-304A-47FA-9B61-367CDECCFBF8}.Debug|Any CPU.Build.0 = Debug|Any CPU
		{E4E6793A-304A-47FA-9B61-367CDECCFBF8}.Release|Any CPU.ActiveCfg = Release|Any CPU
		{E4E6793A-304A-47FA-9B61-367CDECCFBF8}.Release|Any CPU.Build.0 = Release|Any CPU
		{B892FA84-B349-41A5-BF9A-BA3620F81837}.Debug|Any CPU.ActiveCfg = Debug|Any CPU
		{B892FA84-B349-41A5-BF9A-BA3620F81837}.Debug|Any CPU.Build.0 = Debug|Any CPU
		{B892FA84-B349-41A5-BF9A-BA3620F81837}.Release|Any CPU.ActiveCfg = Release|Any CPU
		{B892FA84-B349-41A5-BF9A-BA3620F81837}.Release|Any CPU.Build.0 = Release|Any CPU
	EndGlobalSection
	GlobalSection(SolutionProperties) = preSolution
		HideSolutionNode = FALSE
	EndGlobalSection
	GlobalSection(ExtensibilityGlobals) = postSolution
		SolutionGuid = {992D2D6E-40BA-4192-89CA-9C0D5B6C45D0}
	EndGlobalSection
EndGlobal
